
Microsoft Visual Studio Solution File, Format Version 12.00
# Visual Studio Version 17
VisualStudioVersion = 17.8.34330.188
MinimumVisualStudioVersion = 10.0.40219.1
Project("{9A19103F-16F7-4668-BE54-9A1E7A4F7556}") = "PlatformService", "PlatformService\PlatformService.csproj", "{1886B7A2-43CB-4A09-A94F-F43A9BAEC1E9}"
EndProject
Project("{2150E333-8FDC-42A3-9474-1A3956D46DE8}") = "Solution Items", "Solution Items", "{1D1B2C8E-FF4A-48A2-8B5A-EA758D85644D}"
	ProjectSection(SolutionItems) = preProject
		.editorconfig = .editorconfig
	EndProjectSection
EndProject
Global
	GlobalSection(SolutionConfigurationPlatforms) = preSolution
		Debug|Any CPU = Debug|Any CPU
		Release|Any CPU = Release|Any CPU
	EndGlobalSection
	GlobalSection(ProjectConfigurationPlatforms) = postSolution
		{1886B7A2-43CB-4A09-A94F-F43A9BAEC1E9}.Debug|Any CPU.ActiveCfg = Debug|Any CPU
		{1886B7A2-43CB-4A09-A94F-F43A9BAEC1E9}.Debug|Any CPU.Build.0 = Debug|Any CPU
		{1886B7A2-43CB-4A09-A94F-F43A9BAEC1E9}.Release|Any CPU.ActiveCfg = Release|Any CPU
		{1886B7A2-43CB-4A09-A94F-F43A9BAEC1E9}.Release|Any CPU.Build.0 = Release|Any CPU
	EndGlobalSection
	GlobalSection(SolutionProperties) = preSolution
		HideSolutionNode = FALSE
	EndGlobalSection
	GlobalSection(ExtensibilityGlobals) = postSolution
		SolutionGuid = {A5B02BDA-FFD1-4901-9109-F6E818F342DD}
	EndGlobalSection
EndGlobal
